Microsoft Visual Studio Solution File, Format Version 12.00
# Visual Studio Version 17
VisualStudioVersion = 17.5.2.0
MinimumVisualStudioVersion = 10.0.40219.1
Project("{FAE04EC0-301F-11D3-BF4B-00C04F79EFBC}") = "2025-07-31-copilot", "2025-07-31-copilot.csproj", "{E1A99824-3488-D6FC-4ACA-34ED00F194CB}"
EndProject
Global
	GlobalSection(SolutionConfigurationPlatforms) = preSolution
		Debug|Any CPU = Debug|Any CPU
		Release|Any CPU = Release|Any CPU
	EndGlobalSection
	GlobalSection(ProjectConfigurationPlatforms) = postSolution
		{E1A99824-3488-D6FC-4ACA-34ED00F194CB}.Debug|Any CPU.ActiveCfg = Debug|Any CPU
		{E1A99824-3488-D6FC-4ACA-34ED00F194CB}.Debug|Any CPU.Build.0 = Debug|Any CPU
		{E1A99824-3488-D6FC-4ACA-34ED00F194CB}.Release|Any CPU.ActiveCfg = Release|Any CPU
		{E1A99824-3488-D6FC-4ACA-34ED00F194CB}.Release|Any CPU.Build.0 = Release|Any CPU
	EndGlobalSection
	GlobalSection(SolutionProperties) = preSolution
		HideSolutionNode = FALSE
	EndGlobalSection
	GlobalSection(ExtensibilityGlobals) = postSolution
		SolutionGuid = {1634EE1D-2177-4A64-B254-FCCA0DD6E84A}
	EndGlobalSection
EndGlobal
